
Microsoft Visual Studio Solution File, Format Version 12.00
Project("{FAE04EC0-301F-11D3-BF4B-00C04F79EFBC}") = "Wombat", "Wombat\Wombat.csproj", "{F465F8B9-B384-4C00-B353-EDF071D6C2F1}"
EndProject
Global
	GlobalSection(SolutionConfigurationPlatforms) = preSolution
		Debug|Any CPU = Debug|Any CPU
		Release|Any CPU = Release|Any CPU
	EndGlobalSection
	GlobalSection(ProjectConfigurationPlatforms) = postSolution
		{F465F8B9-B384-4C00-B353-EDF071D6C2F1}.Debug|Any CPU.ActiveCfg = Debug|Any CPU
		{F465F8B9-B384-4C00-B353-EDF071D6C2F1}.Debug|Any CPU.Build.0 = Debug|Any CPU
		{F465F8B9-B384-4C00-B353-EDF071D6C2F1}.Release|Any CPU.ActiveCfg = Release|Any CPU
		{F465F8B9-B384-4C00-B353-EDF071D6C2F1}.Release|Any CPU.Build.0 = Release|Any CPU
	EndGlobalSection
EndGlobal
